
Microsoft Visual Studio Solution File, Format Version 12.00
# Visual Studio Version 16
VisualStudioVersion = 16.0.29102.190
MinimumVisualStudioVersion = 10.0.40219.1
Project("{9A19103F-16F7-4668-BE54-9A1E7A4F7556}") = "Direct", "Direct\Direct.csproj", "{2B16B43E-222E-4C05-A872-02DEAE7E0AFA}"
EndProject
Project("{9A19103F-16F7-4668-BE54-9A1E7A4F7556}") = "Direct.Tests", "Direct.Tests\Direct.Tests.csproj", "{D4B906F9-CC2B-4F43-896E-3B4E51D2A67E}"
EndProject
Project("{FAE04EC0-301F-11D3-BF4B-00C04F79EFBC}") = "Direct.RedisDistribution", "Direct.RedisDistribution\Direct.RedisDistribution.csproj", "{83451DCD-A074-4BE0-A945-6B0B3A452D59}"
EndProject
Global
	GlobalSection(SolutionConfigurationPlatforms) = preSolution
		Debug|Any CPU = Debug|Any CPU
		Release|Any CPU = Release|Any CPU
	EndGlobalSection
	GlobalSection(ProjectConfigurationPlatforms) = postSolution
		{2B16B43E-222E-4C05-A872-02DEAE7E0AFA}.Debug|Any CPU.ActiveCfg = Debug|Any CPU
		{2B16B43E-222E-4C05-A872-02DEAE7E0AFA}.Debug|Any CPU.Build.0 = Debug|Any CPU
		{2B16B43E-222E-4C05-A872-02DEAE7E0AFA}.Release|Any CPU.ActiveCfg = Release|Any CPU
		{2B16B43E-222E-4C05-A872-02DEAE7E0AFA}.Release|Any CPU.Build.0 = Release|Any CPU
		{D4B906F9-CC2B-4F43-896E-3B4E51D2A67E}.Debug|Any CPU.ActiveCfg = Debug|Any CPU
		{D4B906F9-CC2B-4F43-896E-3B4E51D2A67E}.Debug|Any CPU.Build.0 = Debug|Any CPU
		{D4B906F9-CC2B-4F43-896E-3B4E51D2A67E}.Release|Any CPU.ActiveCfg = Release|Any CPU
		{D4B906F9-CC2B-4F43-896E-3B4E51D2A67E}.Release|Any CPU.Build.0 = Release|Any CPU
		{83451DCD-A074-4BE0-A945-6B0B3A452D59}.Debug|Any CPU.ActiveCfg = Debug|Any CPU
		{83451DCD-A074-4BE0-A945-6B0B3A452D59}.Debug|Any CPU.Build.0 = Debug|Any CPU
		{83451DCD-A074-4BE0-A945-6B0B3A452D59}.Release|Any CPU.ActiveCfg = Release|Any CPU
		{83451DCD-A074-4BE0-A945-6B0B3A452D59}.Release|Any CPU.Build.0 = Release|Any CPU
	EndGlobalSection
	GlobalSection(SolutionProperties) = preSolution
		HideSolutionNode = FALSE
	EndGlobalSection
	GlobalSection(ExtensibilityGlobals) = postSolution
		SolutionGuid = {49729FC3-5678-4875-BF62-9465B2FDF4EE}
	EndGlobalSection
EndGlobal
